// !$*UTF8*$!
{
	archiveVersion = 1;
	classes = {
	};
	objectVersion = 46;
	objects = {

/* Begin PBXBuildFile section */
		DF7A073D19D499B8009E4EE4 /* AppDelegate.swift in Sources */ = {isa = PBXBuildFile; fileRef = DF7A073C19D499B8009E4EE4 /* AppDelegate.swift */; };
		DF7A074019D499B8009E4EE4 /* Postcard.xcdatamodeld in Sources */ = {isa = PBXBuildFile; fileRef = DF7A073E19D499B8009E4EE4 /* Postcard.xcdatamodeld */; };
		DF7A074219D499B8009E4EE4 /* ViewController.swift in Sources */ = {isa = PBXBuildFile; fileRef = DF7A074119D499B8009E4EE4 /* ViewController.swift */; };
		DF7A074519D499B8009E4EE4 /* Main.storyboard in Resources */ = {isa = PBXBuildFile; fileRef = DF7A074319D499B8009E4EE4 /* Main.storyboard */; };
		DF7A074719D499B8009E4EE4 /* Images.xcassets in Resources */ = {isa = PBXBuildFile; fileRef = DF7A074619D499B8009E4EE4 /* Images.xcassets */; };
		DF7A074A19D499B8009E4EE4 /* LaunchScreen.xib in Resources */ = {isa = PBXBuildFile; fileRef = DF7A074819D499B8009E4EE4 /* LaunchScreen.xib */; };
		DF7A075619D499B9009E4EE4 /* PostcardTests.swift in Sources */ = {isa = PBXBuildFile; fileRef = DF7A075519D499B9009E4EE4 /* PostcardTests.swift */; };
/* End PBXBuildFile section */

/* Begin PBXContainerItemProxy section */
		DF7A075019D499B9009E4EE4 /* PBXContainerItemProxy */ = {
			isa = PBXContainerItemProxy;
			containerPortal = DF7A072F19D499B8009E4EE4 /* Project object */;
			proxyType = 1;
			remoteGlobalIDString = DF7A073619D499B8009E4EE4;
			remoteInfo = Postcard;
		};
/* End PBXContainerItemProxy section */

/* Begin PBXFileReference section */
		DF7A073719D499B8009E4EE4 /* Postcard.app */ = {isa = PBXFileReference; explicitFileType = wrapper.application; includeInIndex = 0; path = Postcard.app; sourceTree = BUILT_PRODUCTS_DIR; };
		DF7A073B19D499B8009E4EE4 /* Info.plist */ = {isa = PBXFileReference; lastKnownFileType = text.plist.xml; path = Info.plist; sourceTree = "<group>"; };
		DF7A073C19D499B8009E4EE4 /* AppDelegate.swift */ = {isa = PBXFileReference; lastKnownFileType = sourcecode.swift; path = AppDelegate.swift; sourceTree = "<group>"; };
		DF7A073F19D499B8009E4EE4 /* Postcard.xcdatamodel */ = {isa = PBXFileReference; lastKnownFileType = wrapper.xcdatamodel; path = Postcard.xcdatamodel; sourceTree = "<group>"; };
		DF7A074119D499B8009E4EE4 /* ViewController.swift */ = {isa = PBXFileReference; lastKnownFileType = sourcecode.swift; path = ViewController.swift; sourceTree = "<group>"; };
		DF7A074419D499B8009E4EE4 /* Base */ = {isa = PBXFileReference; lastKnownFileType = file.storyboard; name = Base; path = Base.lproj/Main.storyboard; sourceTree = "<group>"; };
		DF7A074619D499B8009E4EE4 /* Images.xcassets */ = {isa = PBXFileReference; lastKnownFileType = folder.assetcatalog; path = Images.xcassets; sourceTree = "<group>"; };
		DF7A074919D499B8009E4EE4 /* Base */ = {isa = PBXFileReference; lastKnownFileType = file.xib; name = Base; path = Base.lproj/LaunchScreen.xib; sourceTree = "<group>"; };
		DF7A074F19D499B9009E4EE4 /* PostcardTests.xctest */ = {isa = PBXFileReference; explicitFileType = wrapper.cfbundle; includeInIndex = 0; path = PostcardTests.xctest; sourceTree = BUILT_PRODUCTS_DIR; };
		DF7A075419D499B9009E4EE4 /* Info.plist */ = {isa = PBXFileReference; lastKnownFileType = text.plist.xml; path = Info.plist; sourceTree = "<group>"; };
		DF7A075519D499B9009E4EE4 /* PostcardTests.swift */ = {isa = PBXFileReference; lastKnownFileType = sourcecode.swift; path = PostcardTests.swift; sourceTree = "<group>"; };
/* End PBXFileReference section */

/* Begin PBXFrameworksBuildPhase section */
		DF7A073419D499B8009E4EE4 /* Frameworks */ = {
			isa = PBXFrameworksBuildPhase;
			buildActionMask = 2147483647;
			files = (
			);
			runOnlyForDeploymentPostprocessing = 0;
		};
		DF7A074C19D499B9009E4EE4 /* Frameworks */ = {
			isa = PBXFrameworksBuildPhase;
			buildActionMask = 2147483647;
			files = (
			);
			runOnlyForDeploymentPostprocessing = 0;
		};
/* End PBXFrameworksBuildPhase section */

/* Begin PBXGroup section */
		DF7A072E19D499B8009E4EE4 = {
			isa = PBXGroup;
			children = (
				DF7A073919D499B8009E4EE4 /* Postcard */,
				DF7A075219D499B9009E4EE4 /* PostcardTests */,
				DF7A073819D499B8009E4EE4 /* Products */,
			);
			sourceTree = "<group>";
		};
		DF7A073819D499B8009E4EE4 /* Products */ = {
			isa = PBXGroup;
			children = (
				DF7A073719D499B8009E4EE4 /* Postcard.app */,
				DF7A074F19D499B9009E4EE4 /* PostcardTests.xctest */,
			);
			name = Products;
			sourceTree = "<group>";
		};
		DF7A073919D499B8009E4EE4 /* Postcard */ = {
			isa = PBXGroup;
			children = (
				DF7A073C19D499B8009E4EE4 /* AppDelegate.swift */,
				DF7A074119D499B8009E4EE4 /* ViewController.swift */,
				DF7A074319D499B8009E4EE4 /* Main.storyboard */,
				DF7A074619D499B8009E4EE4 /* Images.xcassets */,
				DF7A074819D499B8009E4EE4 /* LaunchScreen.xib */,
				DF7A073E19D499B8009E4EE4 /* Postcard.xcdatamodeld */,
				DF7A073A19D499B8009E4EE4 /* Supporting Files */,
			);
			path = Postcard;
			sourceTree = "<group>";
		};
		DF7A073A19D499B8009E4EE4 /* Supporting Files */ = {
			isa = PBXGroup;
			children = (
				DF7A073B19D499B8009E4EE4 /* Info.plist */,
			);
			name = "Supporting Files";
			sourceTree = "<group>";
		};
		DF7A075219D499B9009E4EE4 /* PostcardTests */ = {
			isa = PBXGroup;
			children = (
				DF7A075519D499B9009E4EE4 /* PostcardTests.swift */,
				DF7A075319D499B9009E4EE4 /* Supporting Files */,
			);
			path = PostcardTests;
			sourceTree = "<group>";
		};
		DF7A075319D499B9009E4EE4 /* Supporting Files */ = {
			isa = PBXGroup;
			children = (
				DF7A075419D499B9009E4EE4 /* Info.plist */,
			);
			name = "Supporting Files";
			sourceTree = "<group>";
		};
/* End PBXGroup section */

/* Begin PBXNativeTarget section */
		DF7A073619D499B8009E4EE4 /* Postcard */ = {
			isa = PBXNativeTarget;
			buildConfigurationList = DF7A075919D499B9009E4EE4 /* Build configuration list for PBXNativeTarget "Postcard" */;
			buildPhases = (
				DF7A073319D499B8009E4EE4 /* Sources */,
				DF7A073419D499B8009E4EE4 /* Frameworks */,
				DF7A073519D499B8009E4EE4 /* Resources */,
			);
			buildRules = (
			);
			dependencies = (
			);
			name = Postcard;
			productName = Postcard;
			productReference = DF7A073719D499B8009E4EE4 /* Postcard.app */;
			productType = "com.apple.product-type.application";
		};
		DF7A074E19D499B9009E4EE4 /* PostcardTests */ = {
			isa = PBXNativeTarget;
			buildConfigurationList = DF7A075C19D499B9009E4EE4 /* Build configuration list for PBXNativeTarget "PostcardTests" */;
			buildPhases = (
				DF7A074B19D499B9009E4EE4 /* Sources */,
				DF7A074C19D499B9009E4EE4 /* Frameworks */,
				DF7A074D19D499B9009E4EE4 /* Resources */,
			);
			buildRules = (
			);
			dependencies = (
				DF7A075119D499B9009E4EE4 /* PBXTargetDependency */,
			);
			name = PostcardTests;
			productName = PostcardTests;
			productReference = DF7A074F19D499B9009E4EE4 /* PostcardTests.xctest */;
			productType = "com.apple.product-type.bundle.unit-test";
		};
/* End PBXNativeTarget section */

/* Begin PBXProject section */
		DF7A072F19D499B8009E4EE4 /* Project object */ = {
			isa = PBXProject;
			attributes = {
				LastUpgradeCheck = 0600;
				ORGANIZATIONNAME = "ONESTEP Studios";
				TargetAttributes = {
					DF7A073619D499B8009E4EE4 = {
						CreatedOnToolsVersion = 6.0.1;
					};
					DF7A074E19D499B9009E4EE4 = {
						CreatedOnToolsVersion = 6.0.1;
						TestTargetID = DF7A073619D499B8009E4EE4;
					};
				};
			};
			buildConfigurationList = DF7A073219D499B8009E4EE4 /* Build configuration list for PBXProject "Postcard" */;
			compatibilityVersion = "Xcode 3.2";
			developmentRegion = English;
			hasScannedForEncodings = 0;
			knownRegions = (
				en,
				Base,
			);
			mainGroup = DF7A072E19D499B8009E4EE4;
			productRefGroup = DF7A073819D499B8009E4EE4 /* Products */;
			projectDirPath = "";
			projectRoot = "";
			targets = (
				DF7A073619D499B8009E4EE4 /* Postcard */,
				DF7A074E19D499B9009E4EE4 /* PostcardTests */,
			);
		};
/* End PBXProject section */

/* Begin PBXResourcesBuildPhase section */
		DF7A073519D499B8009E4EE4 /* Resources */ = {
			isa = PBXResourcesBuildPhase;
			buildActionMask = 2147483647;
			files = (
				DF7A074519D499B8009E4EE4 /* Main.storyboard in Resources */,
				DF7A074A19D499B8009E4EE4 /* LaunchScreen.xib in Resources */,
				DF7A074719D499B8009E4EE4 /* Images.xcassets in Resources */,
			);
			runOnlyForDeploymentPostprocessing = 0;
		};
		DF7A074D19D499B9009E4EE4 /* Resources */ = {
			isa = PBXResourcesBuildPhase;
			buildActionMask = 2147483647;
			files = (
			);
			runOnlyForDeploymentPostprocessing = 0;
		};
/* End PBXResourcesBuildPhase section */

/* Begin PBXSourcesBuildPhase section */
		DF7A073319D499B8009E4EE4 /* Sources */ = {
			isa = PBXSourcesBuildPhase;
			buildActionMask = 2147483647;
			files = (
				DF7A074219D499B8009E4EE4 /* ViewController.swift in Sources */,
				DF7A073D19D499B8009E4EE4 /* AppDelegate.swift in Sources */,
				DF7A074019D499B8009E4EE4 /* Postcard.xcdatamodeld in Sources */,
			);
			runOnlyForDeploymentPostprocessing = 0;
		};
		DF7A074B19D499B9009E4EE4 /* Sources */ = {
			isa = PBXSourcesBuildPhase;
			buildActionMask = 2147483647;
			files = (
				DF7A075619D499B9009E4EE4 /* PostcardTests.swift in Sources */,
			);
			runOnlyForDeploymentPostprocessing = 0;
		};
/* End PBXSourcesBuildPhase section */

/* Begin PBXTargetDependency section */
		DF7A075119D499B9009E4EE4 /* PBXTargetDependency */ = {
			isa = PBXTargetDependency;
			target = DF7A073619D499B8009E4EE4 /* Postcard */;
			targetProxy = DF7A075019D499B9009E4EE4 /* PBXContainerItemProxy */;
		};
/* End PBXTargetDependency section */

/* Begin PBXVariantGroup section */
		DF7A074319D499B8009E4EE4 /* Main.storyboard */ = {
			isa = PBXVariantGroup;
			children = (
				DF7A074419D499B8009E4EE4 /* Base */,
			);
			name = Main.storyboard;
			sourceTree = "<group>";
		};
		DF7A074819D499B8009E4EE4 /* LaunchScreen.xib */ = {
			isa = PBXVariantGroup;
			children = (
				DF7A074919D499B8009E4EE4 /* Base */,
			);
			name = LaunchScreen.xib;
			sourceTree = "<group>";
		};
/* End PBXVariantGroup section */

/* Begin XCBuildConfiguration section */
		DF7A075719D499B9009E4EE4 /* Debug */ = {
			isa = XCBuildConfiguration;
			buildSettings = {
				ALWAYS_SEARCH_USER_PATHS = NO;
				CLANG_CXX_LANGUAGE_STANDARD = "gnu++0x";
				CLANG_CXX_LIBRARY = "libc++";
				CLANG_ENABLE_MODULES = YES;
				CLANG_ENABLE_OBJC_ARC = YES;
				CLANG_WARN_BOOL_CONVERSION = YES;
				CLANG_WARN_CONSTANT_CONVERSION = YES;
				CLANG_WARN_DIRECT_OBJC_ISA_USAGE = YES_ERROR;
				CLANG_WARN_EMPTY_BODY = YES;
				CLANG_WARN_ENUM_CONVERSION = YES;
				CLANG_WARN_INT_CONVERSION = YES;
				CLANG_WARN_OBJC_ROOT_CLASS = YES_ERROR;
				CLANG_WARN_UNREACHABLE_CODE = YES;
				CLANG_WARN__DUPLICATE_METHOD_MATCH = YES;
				"CODE_SIGN_IDENTITY[sdk=iphoneos*]" = "iPhone Developer";
				COPY_PHASE_STRIP = NO;
				ENABLE_STRICT_OBJC_MSGSEND = YES;
				GCC_C_LANGUAGE_STANDARD = gnu99;
				GCC_DYNAMIC_NO_PIC = NO;
				GCC_OPTIMIZATION_LEVEL = 0;
				GCC_PREPROCESSOR_DEFINITIONS = (
					"DEBUG=1",
					"$(inherited)",
				);
				GCC_SYMBOLS_PRIVATE_EXTERN = NO;
				GCC_WARN_64_TO_32_BIT_CONVERSION = YES;
				GCC_WARN_ABOUT_RETURN_TYPE = YES_ERROR;
				GCC_WARN_UNDECLARED_SELECTOR = YES;
				GCC_WARN_UNINITIALIZED_AUTOS = YES_AGGRESSIVE;
				GCC_WARN_UNUSED_FUNCTION = YES;
				GCC_WARN_UNUSED_VARIABLE = YES;
				IPHONEOS_DEPLOYMENT_TARGET = 8.0;
				MTL_ENABLE_DEBUG_INFO = YES;
				ONLY_ACTIVE_ARCH = YES;
				SDKROOT = iphoneos;
				SWIFT_OPTIMIZATION_LEVEL = "-Onone";
			};
			name = Debug;
		};
		DF7A075819D499B9009E4EE4 /* Release */ = {
			isa = XCBuildConfiguration;
			buildSettings = {
				ALWAYS_SEARCH_USER_PATHS = NO;
				CLANG_CXX_LANGUAGE_STANDARD = "gnu++0x";
				CLANG_CXX_LIBRARY = "libc++";
				CLANG_ENABLE_MODULES = YES;
				CLANG_ENABLE_OBJC_ARC = YES;
				CLANG_WARN_BOOL_CONVERSION = YES;
				CLANG_WARN_CONSTANT_CONVERSION = YES;
				CLANG_WARN_DIRECT_OBJC_ISA_USAGE = YES_ERROR;
				CLANG_WARN_EMPTY_BODY = YES;
				CLANG_WARN_ENUM_CONVERSION = YES;
				CLANG_WARN_INT_CONVERSION = YES;
				CLANG_WARN_OBJC_ROOT_CLASS = YES_ERROR;
				CLANG_WARN_UNREACHABLE_CODE = YES;
				CLANG_WARN__DUPLICATE_METHOD_MATCH = YES;
				"CODE_SIGN_IDENTITY[sdk=iphoneos*]" = "iPhone Developer";
				COPY_PHASE_STRIP = YES;
				ENABLE_NS_ASSERTIONS = NO;
				ENABLE_STRICT_OBJC_MSGSEND = YES;
				GCC_C_LANGUAGE_STANDARD = gnu99;
				GCC_WARN_64_TO_32_BIT_CONVERSION = YES;
				GCC_WARN_ABOUT_RETURN_TYPE = YES_ERROR;
				GCC_WARN_UNDECLARED_SELECTOR = YES;
				GCC_WARN_UNINITIALIZED_AUTOS = YES_AGGRESSIVE;
				GCC_WARN_UNUSED_FUNCTION = YES;
				GCC_WARN_UNUSED_VARIABLE = YES;
				IPHONEOS_DEPLOYMENT_TARGET = 8.0;
				MTL_ENABLE_DEBUG_INFO = NO;
				SDKROOT = iphoneos;
				VALIDATE_PRODUCT = YES;
			};
			name = Release;
		};
		DF7A075A19D499B9009E4EE4 /* Debug */ = {
			isa = XCBuildConfiguration;
			buildSettings = {
				ASSETCATALOG_COMPILER_APPICON_NAME = AppIcon;
				INFOPLIST_FILE = Postcard/Info.plist;
				LD_RUNPATH_SEARCH_PATHS = "$(inherited) @executable_path/Frameworks";
				PRODUCT_NAME = "$(TARGET_NAME)";
			};
			name = Debug;
		};
		DF7A075B19D499B9009E4EE4 /* Release */ = {
			isa = XCBuildConfiguration;
			buildSettings = {
				ASSETCATALOG_COMPILER_APPICON_NAME = AppIcon;
				INFOPLIST_FILE = Postcard/Info.plist;
				LD_RUNPATH_SEARCH_PATHS = "$(inherited) @executable_path/Frameworks";
				PRODUCT_NAME = "$(TARGET_NAME)";
			};
			name = Release;
		};
		DF7A075D19D499B9009E4EE4 /* Debug */ = {
			isa = XCBuildConfiguration;
			buildSettings = {
				BUNDLE_LOADER = "$(TEST_HOST)";
				FRAMEWORK_SEARCH_PATHS = (
					"$(SDKROOT)/Developer/Library/Frameworks",
					"$(inherited)",
				);
				GCC_PREPROCESSOR_DEFINITIONS = (
					"DEBUG=1",
					"$(inherited)",
				);
				INFOPLIST_FILE = PostcardTests/Info.plist;
				LD_RUNPATH_SEARCH_PATHS = "$(inherited) @executable_path/Frameworks @loader_path/Frameworks";
				PRODUCT_NAME = "$(TARGET_NAME)";
				TEST_HOST = "$(BUILT_PRODUCTS_DIR)/Postcard.app/Postcard";
			};
			name = Debug;
		};
		DF7A075E19D499B9009E4EE4 /* Release */ = {
			isa = XCBuildConfiguration;
			buildSettings = {
				BUNDLE_LOADER = "$(TEST_HOST)";
				FRAMEWORK_SEARCH_PATHS = (
					"$(SDKROOT)/Developer/Library/Frameworks",
					"$(inherited)",
				);
				INFOPLIST_FILE = PostcardTests/Info.plist;
				LD_RUNPATH_SEARCH_PATHS = "$(inherited) @executable_path/Frameworks @loader_path/Frameworks";
				PRODUCT_NAME = "$(TARGET_NAME)";
				TEST_HOST = "$(BUILT_PRODUCTS_DIR)/Postcard.app/Postcard";
			};
			name = Release;
		};
/* End XCBuildConfiguration section */

/* Begin XCConfigurationList section */
		DF7A073219D499B8009E4EE4 /* Build configuration list for PBXProject "Postcard" */ = {
			isa = XCConfigurationList;
			buildConfigurations = (
				DF7A075719D499B9009E4EE4 /* Debug */,
				DF7A075819D499B9009E4EE4 /* Release */,
			);
			defaultConfigurationIsVisible = 0;
			defaultConfigurationName = Release;
		};
		DF7A075919D499B9009E4EE4 /* Build configuration list for PBXNativeTarget "Postcard" */ = {
			isa = XCConfigurationList;
			buildConfigurations = (
				DF7A075A19D499B9009E4EE4 /* Debug */,
				DF7A075B19D499B9009E4EE4 /* Release */,
			);
			defaultConfigurationIsVisible = 0;
		};
		DF7A075C19D499B9009E4EE4 /* Build configuration list for PBXNativeTarget "PostcardTests" */ = {
			isa = XCConfigurationList;
			buildConfigurations = (
				DF7A075D19D499B9009E4EE4 /* Debug */,
				DF7A075E19D499B9009E4EE4 /* Release */,
			);
			defaultConfigurationIsVisible = 0;
		};
/* End XCConfigurationList section */

/* Begin XCVersionGroup section */
		DF7A073E19D499B8009E4EE4 /* Postcard.xcdatamodeld */ = {
			isa = XCVersionGroup;
			children = (
				DF7A073F19D499B8009E4EE4 /* Postcard.xcdatamodel */,
			);
			currentVersion = DF7A073F19D499B8009E4EE4 /* Postcard.xcdatamodel */;
			path = Postcard.xcdatamodeld;
			sourceTree = "<group>";
			versionGroupType = wrapper.xcdatamodel;
		};
/* End XCVersionGroup section */
	};
	rootObject = DF7A072F19D499B8009E4EE4 /* Project object */;
}
